
Microsoft Visual Studio Solution File, Format Version 12.00
# Visual Studio Version 16
VisualStudioVersion = 16.0.31321.278
MinimumVisualStudioVersion = 10.0.40219.1
Project("{FAE04EC0-301F-11D3-BF4B-00C04F79EFBC}") = "SqlPwdDecoder.UWP", "SqlPwdDecoder.UWP\SqlPwdDecoder.UWP.csproj", "{BFB10C4E-46B4-425D-B755-EAD05F5974A1}"
EndProject
Project("{FAE04EC0-301F-11D3-BF4B-00C04F79EFBC}") = "SqlPwdDecoder.Android", "SqlPwdDecoder.Android\SqlPwdDecoder.Android.csproj", "{65B035CB-3D32-424C-B3C1-D31933F5B57E}"
EndProject
Project("{FAE04EC0-301F-11D3-BF4B-00C04F79EFBC}") = "SqlPwdDecoder.iOS", "SqlPwdDecoder.iOS\SqlPwdDecoder.iOS.csproj", "{0A404386-E510-48A1-93EF-322E7E8D3B6E}"
EndProject
Project("{FAE04EC0-301F-11D3-BF4B-00C04F79EFBC}") = "SqlPwdDecoder", "SqlPwdDecoder\SqlPwdDecoder.csproj", "{4CF4014D-C9D8-44BF-B90B-9951ADAD3028}"
EndProject
Global
	GlobalSection(SolutionConfigurationPlatforms) = preSolution
		Debug|Any CPU = Debug|Any CPU
		Debug|ARM = Debug|ARM
		Debug|iPhone = Debug|iPhone
		Debug|iPhoneSimulator = Debug|iPhoneSimulator
		Debug|x64 = Debug|x64
		Debug|x86 = Debug|x86
		Release|Any CPU = Release|Any CPU
		Release|ARM = Release|ARM
		Release|iPhone = Release|iPhone
		Release|iPhoneSimulator = Release|iPhoneSimulator
		Release|x64 = Release|x64
		Release|x86 = Release|x86
	EndGlobalSection
	GlobalSection(ProjectConfigurationPlatforms) = postSolution
		{BFB10C4E-46B4-425D-B755-EAD05F5974A1}.Debug|Any CPU.ActiveCfg = Debug|x86
		{BFB10C4E-46B4-425D-B755-EAD05F5974A1}.Debug|Any CPU.Build.0 = Debug|x86
		{BFB10C4E-46B4-425D-B755-EAD05F5974A1}.Debug|Any CPU.Deploy.0 = Debug|x86
		{BFB10C4E-46B4-425D-B755-EAD05F5974A1}.Debug|ARM.ActiveCfg = Debug|ARM
		{BFB10C4E-46B4-425D-B755-EAD05F5974A1}.Debug|ARM.Build.0 = Debug|ARM
		{BFB10C4E-46B4-425D-B755-EAD05F5974A1}.Debug|ARM.Deploy.0 = Debug|ARM
		{BFB10C4E-46B4-425D-B755-EAD05F5974A1}.Debug|iPhone.ActiveCfg = Debug|x86
		{BFB10C4E-46B4-425D-B755-EAD05F5974A1}.Debug|iPhone.Build.0 = Debug|x86
		{BFB10C4E-46B4-425D-B755-EAD05F5974A1}.Debug|iPhone.Deploy.0 = Debug|x86
		{BFB10C4E-46B4-425D-B755-EAD05F5974A1}.Debug|iPhoneSimulator.ActiveCfg = Debug|x86
		{BFB10C4E-46B4-425D-B755-EAD05F5974A1}.Debug|iPhoneSimulator.Build.0 = Debug|x86
		{BFB10C4E-46B4-425D-B755-EAD05F5974A1}.Debug|iPhoneSimulator.Deploy.0 = Debug|x86
		{BFB10C4E-46B4-425D-B755-EAD05F5974A1}.Debug|x64.ActiveCfg = Debug|x64
		{BFB10C4E-46B4-425D-B755-EAD05F5974A1}.Debug|x64.Build.0 = Debug|x64
		{BFB10C4E-46B4-425D-B755-EAD05F5974A1}.Debug|x64.Deploy.0 = Debug|x64
		{BFB10C4E-46B4-425D-B755-EAD05F5974A1}.Debug|x86.ActiveCfg = Debug|x86
		{BFB10C4E-46B4-425D-B755-EAD05F5974A1}.Debug|x86.Build.0 = Debug|x86
		{BFB10C4E-46B4-425D-B755-EAD05F5974A1}.Debug|x86.Deploy.0 = Debug|x86
		{BFB10C4E-46B4-425D-B755-EAD05F5974A1}.Release|Any CPU.ActiveCfg = Release|x86
		{BFB10C4E-46B4-425D-B755-EAD05F5974A1}.Release|Any CPU.Build.0 = Release|x86
		{BFB10C4E-46B4-425D-B755-EAD05F5974A1}.Release|Any CPU.Deploy.0 = Release|x86
		{BFB10C4E-46B4-425D-B755-EAD05F5974A1}.Release|ARM.ActiveCfg = Release|ARM
		{BFB10C4E-46B4-425D-B755-EAD05F5974A1}.Release|ARM.Build.0 = Release|ARM
		{BFB10C4E-46B4-425D-B755-EAD05F5974A1}.Release|ARM.Deploy.0 = Release|ARM
		{BFB10C4E-46B4-425D-B755-EAD05F5974A1}.Release|iPhone.ActiveCfg = Release|x86
		{BFB10C4E-46B4-425D-B755-EAD05F5974A1}.Release|iPhone.Build.0 = Release|x86
		{BFB10C4E-46B4-425D-B755-EAD05F5974A1}.Release|iPhone.Deploy.0 = Release|x86
		{BFB10C4E-46B4-425D-B755-EAD05F5974A1}.Release|iPhoneSimulator.ActiveCfg = Release|x86
		{BFB10C4E-46B4-425D-B755-EAD05F5974A1}.Release|iPhoneSimulator.Build.0 = Release|x86
		{BFB10C4E-46B4-425D-B755-EAD05F5974A1}.Release|iPhoneSimulator.Deploy.0 = Release|x86
		{BFB10C4E-46B4-425D-B755-EAD05F5974A1}.Release|x64.ActiveCfg = Release|x64
		{BFB10C4E-46B4-425D-B755-EAD05F5974A1}.Release|x64.Build.0 = Release|x64
		{BFB10C4E-46B4-425D-B755-EAD05F5974A1}.Release|x64.Deploy.0 = Release|x64
		{BFB10C4E-46B4-425D-B755-EAD05F5974A1}.Release|x86.ActiveCfg = Release|x86
		{BFB10C4E-46B4-425D-B755-EAD05F5974A1}.Release|x86.Build.0 = Release|x86
		{BFB10C4E-46B4-425D-B755-EAD05F5974A1}.Release|x86.Deploy.0 = Release|x86
		{65B035CB-3D32-424C-B3C1-D31933F5B57E}.Debug|Any CPU.ActiveCfg = Debug|Any CPU
		{65B035CB-3D32-424C-B3C1-D31933F5B57E}.Debug|Any CPU.Build.0 = Debug|Any CPU
		{65B035CB-3D32-424C-B3C1-D31933F5B57E}.Debug|Any CPU.Deploy.0 = Debug|Any CPU
		{65B035CB-3D32-424C-B3C1-D31933F5B57E}.Debug|ARM.ActiveCfg = Debug|Any CPU
		{65B035CB-3D32-424C-B3C1-D31933F5B57E}.Debug|ARM.Build.0 = Debug|Any CPU
		{65B035CB-3D32-424C-B3C1-D31933F5B57E}.Debug|ARM.Deploy.0 = Debug|Any CPU
		{65B035CB-3D32-424C-B3C1-D31933F5B57E}.Debug|iPhone.ActiveCfg = Debug|Any CPU
		{65B035CB-3D32-424C-B3C1-D31933F5B57E}.Debug|iPhone.Build.0 = Debug|Any CPU
		{65B035CB-3D32-424C-B3C1-D31933F5B57E}.Debug|iPhone.Deploy.0 = Debug|Any CPU
		{65B035CB-3D32-424C-B3C1-D31933F5B57E}.Debug|iPhoneSimulator.ActiveCfg = Debug|Any CPU
		{65B035CB-3D32-424C-B3C1-D31933F5B57E}.Debug|iPhoneSimulator.Build.0 = Debug|Any CPU
		{65B035CB-3D32-424C-B3C1-D31933F5B57E}.Debug|iPhoneSimulator.Deploy.0 = Debug|Any CPU
		{65B035CB-3D32-424C-B3C1-D31933F5B57E}.Debug|x64.ActiveCfg = Debug|Any CPU
		{65B035CB-3D32-424C-B3C1-D31933F5B57E}.Debug|x64.Build.0 = Debug|Any CPU
		{65B035CB-3D32-424C-B3C1-D31933F5B57E}.Debug|x64.Deploy.0 = Debug|Any CPU
		{65B035CB-3D32-424C-B3C1-D31933F5B57E}.Debug|x86.ActiveCfg = Debug|Any CPU
		{65B035CB-3D32-424C-B3C1-D31933F5B57E}.Debug|x86.Build.0 = Debug|Any CPU
		{65B035CB-3D32-424C-B3C1-D31933F5B57E}.Debug|x86.Deploy.0 = Debug|Any CPU
		{65B035CB-3D32-424C-B3C1-D31933F5B57E}.Release|Any CPU.ActiveCfg = Release|Any CPU
		{65B035CB-3D32-424C-B3C1-D31933F5B57E}.Release|Any CPU.Build.0 = Release|Any CPU
		{65B035CB-3D32-424C-B3C1-D31933F5B57E}.Release|Any CPU.Deploy.0 = Release|Any CPU
		{65B035CB-3D32-424C-B3C1-D31933F5B57E}.Release|ARM.ActiveCfg = Release|Any CPU
		{65B035CB-3D32-424C-B3C1-D31933F5B57E}.Release|ARM.Build.0 = Release|Any CPU
		{65B035CB-3D32-424C-B3C1-D31933F5B57E}.Release|ARM.Deploy.0 = Release|Any CPU
		{65B035CB-3D32-424C-B3C1-D31933F5B57E}.Release|iPhone.ActiveCfg = Release|Any CPU
		{65B035CB-3D32-424C-B3C1-D31933F5B57E}.Release|iPhone.Build.0 = Release|Any CPU
		{65B035CB-3D32-424C-B3C1-D31933F5B57E}.Release|iPhone.Deploy.0 = Release|Any CPU
		{65B035CB-3D32-424C-B3C1-D31933F5B57E}.Release|iPhoneSimulator.ActiveCfg = Release|Any CPU
		{65B035CB-3D32-424C-B3C1-D31933F5B57E}.Release|iPhoneSimulator.Build.0 = Release|Any CPU
		{65B035CB-3D32-424C-B3C1-D31933F5B57E}.Release|iPhoneSimulator.Deploy.0 = Release|Any CPU
		{65B035CB-3D32-424C-B3C1-D31933F5B57E}.Release|x64.ActiveCfg = Release|Any CPU
		{65B035CB-3D32-424C-B3C1-D31933F5B57E}.Release|x64.Build.0 = Release|Any CPU
		{65B035CB-3D32-424C-B3C1-D31933F5B57E}.Release|x64.Deploy.0 = Release|Any CPU
		{65B035CB-3D32-424C-B3C1-D31933F5B57E}.Release|x86.ActiveCfg = Release|Any CPU
		{65B035CB-3D32-424C-B3C1-D31933F5B57E}.Release|x86.Build.0 = Release|Any CPU
		{65B035CB-3D32-424C-B3C1-D31933F5B57E}.Release|x86.Deploy.0 = Release|Any CPU
		{0A404386-E510-48A1-93EF-322E7E8D3B6E}.Debug|Any CPU.ActiveCfg = Debug|iPhoneSimulator
		{0A404386-E510-48A1-93EF-322E7E8D3B6E}.Debug|Any CPU.Build.0 = Debug|iPhoneSimulator
		{0A404386-E510-48A1-93EF-322E7E8D3B6E}.Debug|Any CPU.Deploy.0 = Debug|iPhoneSimulator
		{0A404386-E510-48A1-93EF-322E7E8D3B6E}.Debug|ARM.ActiveCfg = Debug|iPhone
		{0A404386-E510-48A1-93EF-322E7E8D3B6E}.Debug|ARM.Build.0 = Debug|iPhone
		{0A404386-E510-48A1-93EF-322E7E8D3B6E}.Debug|ARM.Deploy.0 = Debug|iPhone
		{0A404386-E510-48A1-93EF-322E7E8D3B6E}.Debug|iPhone.ActiveCfg = Debug|iPhone
		{0A404386-E510-48A1-93EF-322E7E8D3B6E}.Debug|iPhone.Build.0 = Debug|iPhone
		{0A404386-E510-48A1-93EF-322E7E8D3B6E}.Debug|iPhone.Deploy.0 = Debug|iPhone
		{0A404386-E510-48A1-93EF-322E7E8D3B6E}.Debug|iPhoneSimulator.ActiveCfg = Debug|iPhoneSimulator
		{0A404386-E510-48A1-93EF-322E7E8D3B6E}.Debug|iPhoneSimulator.Build.0 = Debug|iPhoneSimulator
		{0A404386-E510-48A1-93EF-322E7E8D3B6E}.Debug|iPhoneSimulator.Deploy.0 = Debug|iPhoneSimulator
		{0A404386-E510-48A1-93EF-322E7E8D3B6E}.Debug|x64.ActiveCfg = Debug|iPhoneSimulator
		{0A404386-E510-48A1-93EF-322E7E8D3B6E}.Debug|x64.Build.0 = Debug|iPhoneSimulator
		{0A404386-E510-48A1-93EF-322E7E8D3B6E}.Debug|x64.Deploy.0 = Debug|iPhoneSimulator
		{0A404386-E510-48A1-93EF-322E7E8D3B6E}.Debug|x86.ActiveCfg = Debug|iPhoneSimulator
		{0A404386-E510-48A1-93EF-322E7E8D3B6E}.Debug|x86.Build.0 = Debug|iPhoneSimulator
		{0A404386-E510-48A1-93EF-322E7E8D3B6E}.Debug|x86.Deploy.0 = Debug|iPhoneSimulator
		{0A404386-E510-48A1-93EF-322E7E8D3B6E}.Release|Any CPU.ActiveCfg = Release|iPhoneSimulator
		{0A404386-E510-48A1-93EF-322E7E8D3B6E}.Release|Any CPU.Build.0 = Release|iPhoneSimulator
		{0A404386-E510-48A1-93EF-322E7E8D3B6E}.Release|Any CPU.Deploy.0 = Release|iPhoneSimulator
		{0A404386-E510-48A1-93EF-322E7E8D3B6E}.Release|ARM.ActiveCfg = Release|iPhoneSimulator
		{0A404386-E510-48A1-93EF-322E7E8D3B6E}.Release|ARM.Build.0 = Release|iPhoneSimulator
		{0A404386-E510-48A1-93EF-322E7E8D3B6E}.Release|ARM.Deploy.0 = Release|iPhoneSimulator
		{0A404386-E510-48A1-93EF-322E7E8D3B6E}.Release|iPhone.ActiveCfg = Release|iPhone
		{0A404386-E510-48A1-93EF-322E7E8D3B6E}.Release|iPhone.Build.0 = Release|iPhone
		{0A404386-E510-48A1-93EF-322E7E8D3B6E}.Release|iPhone.Deploy.0 = Release|iPhone
		{0A404386-E510-48A1-93EF-322E7E8D3B6E}.Release|iPhoneSimulator.ActiveCfg = Release|iPhoneSimulator
		{0A404386-E510-48A1-93EF-322E7E8D3B6E}.Release|iPhoneSimulator.Build.0 = Release|iPhoneSimulator
		{0A404386-E510-48A1-93EF-322E7E8D3B6E}.Release|iPhoneSimulator.Deploy.0 = Release|iPhoneSimulator
		{0A404386-E510-48A1-93EF-322E7E8D3B6E}.Release|x64.ActiveCfg = Release|iPhoneSimulator
		{0A404386-E510-48A1-93EF-322E7E8D3B6E}.Release|x64.Build.0 = Release|iPhoneSimulator
		{0A404386-E510-48A1-93EF-322E7E8D3B6E}.Release|x64.Deploy.0 = Release|iPhoneSimulator
		{0A404386-E510-48A1-93EF-322E7E8D3B6E}.Release|x86.ActiveCfg = Release|iPhoneSimulator
		{0A404386-E510-48A1-93EF-322E7E8D3B6E}.Release|x86.Build.0 = Release|iPhoneSimulator
		{0A404386-E510-48A1-93EF-322E7E8D3B6E}.Release|x86.Deploy.0 = Release|iPhoneSimulator
		{4CF4014D-C9D8-44BF-B90B-9951ADAD3028}.Debug|Any CPU.ActiveCfg = Debug|Any CPU
		{4CF4014D-C9D8-44BF-B90B-9951ADAD3028}.Debug|Any CPU.Build.0 = Debug|Any CPU
		{4CF4014D-C9D8-44BF-B90B-9951ADAD3028}.Debug|Any CPU.Deploy.0 = Debug|Any CPU
		{4CF4014D-C9D8-44BF-B90B-9951ADAD3028}.Debug|ARM.ActiveCfg = Debug|Any CPU
		{4CF4014D-C9D8-44BF-B90B-9951ADAD3028}.Debug|ARM.Build.0 = Debug|Any CPU
		{4CF4014D-C9D8-44BF-B90B-9951ADAD3028}.Debug|ARM.Deploy.0 = Debug|Any CPU
		{4CF4014D-C9D8-44BF-B90B-9951ADAD3028}.Debug|iPhone.ActiveCfg = Debug|Any CPU
		{4CF4014D-C9D8-44BF-B90B-9951ADAD3028}.Debug|iPhone.Build.0 = Debug|Any CPU
		{4CF4014D-C9D8-44BF-B90B-9951ADAD3028}.Debug|iPhone.Deploy.0 = Debug|Any CPU
		{4CF4014D-C9D8-44BF-B90B-9951ADAD3028}.Debug|iPhoneSimulator.ActiveCfg = Debug|Any CPU
		{4CF4014D-C9D8-44BF-B90B-9951ADAD3028}.Debug|iPhoneSimulator.Build.0 = Debug|Any CPU
		{4CF4014D-C9D8-44BF-B90B-9951ADAD3028}.Debug|iPhoneSimulator.Deploy.0 = Debug|Any CPU
		{4CF4014D-C9D8-44BF-B90B-9951ADAD3028}.Debug|x64.ActiveCfg = Debug|Any CPU
		{4CF4014D-C9D8-44BF-B90B-9951ADAD3028}.Debug|x64.Build.0 = Debug|Any CPU
		{4CF4014D-C9D8-44BF-B90B-9951ADAD3028}.Debug|x64.Deploy.0 = Debug|Any CPU
		{4CF4014D-C9D8-44BF-B90B-9951ADAD3028}.Debug|x86.ActiveCfg = Debug|Any CPU
		{4CF4014D-C9D8-44BF-B90B-9951ADAD3028}.Debug|x86.Build.0 = Debug|Any CPU
		{4CF4014D-C9D8-44BF-B90B-9951ADAD3028}.Debug|x86.Deploy.0 = Debug|Any CPU
		{4CF4014D-C9D8-44BF-B90B-9951ADAD3028}.Release|Any CPU.ActiveCfg = Release|Any CPU
		{4CF4014D-C9D8-44BF-B90B-9951ADAD3028}.Release|Any CPU.Build.0 = Release|Any CPU
		{4CF4014D-C9D8-44BF-B90B-9951ADAD3028}.Release|Any CPU.Deploy.0 = Release|Any CPU
		{4CF4014D-C9D8-44BF-B90B-9951ADAD3028}.Release|ARM.ActiveCfg = Release|Any CPU
		{4CF4014D-C9D8-44BF-B90B-9951ADAD3028}.Release|ARM.Build.0 = Release|Any CPU
		{4CF4014D-C9D8-44BF-B90B-9951ADAD3028}.Release|ARM.Deploy.0 = Release|Any CPU
		{4CF4014D-C9D8-44BF-B90B-9951ADAD3028}.Release|iPhone.ActiveCfg = Release|Any CPU
		{4CF4014D-C9D8-44BF-B90B-9951ADAD3028}.Release|iPhone.Build.0 = Release|Any CPU
		{4CF4014D-C9D8-44BF-B90B-9951ADAD3028}.Release|iPhone.Deploy.0 = Release|Any CPU
		{4CF4014D-C9D8-44BF-B90B-9951ADAD3028}.Release|iPhoneSimulator.ActiveCfg = Release|Any CPU
		{4CF4014D-C9D8-44BF-B90B-9951ADAD3028}.Release|iPhoneSimulator.Build.0 = Release|Any CPU
		{4CF4014D-C9D8-44BF-B90B-9951ADAD3028}.Release|iPhoneSimulator.Deploy.0 = Release|Any CPU
		{4CF4014D-C9D8-44BF-B90B-9951ADAD3028}.Release|x64.ActiveCfg = Release|Any CPU
		{4CF4014D-C9D8-44BF-B90B-9951ADAD3028}.Release|x64.Build.0 = Release|Any CPU
		{4CF4014D-C9D8-44BF-B90B-9951ADAD3028}.Release|x64.Deploy.0 = Release|Any CPU
		{4CF4014D-C9D8-44BF-B90B-9951ADAD3028}.Release|x86.ActiveCfg = Release|Any CPU
		{4CF4014D-C9D8-44BF-B90B-9951ADAD3028}.Release|x86.Build.0 = Release|Any CPU
		{4CF4014D-C9D8-44BF-B90B-9951ADAD3028}.Release|x86.Deploy.0 = Release|Any CPU
	EndGlobalSection
	GlobalSection(SolutionProperties) = preSolution
		HideSolutionNode = FALSE
	EndGlobalSection
	GlobalSection(ExtensibilityGlobals) = postSolution
		SolutionGuid = {A7E5B472-3957-42CA-946E-F8E6ECFB4B49}
	EndGlobalSection
EndGlobal
